
Microsoft Visual Studio Solution File, Format Version 12.00
# Visual Studio Version 16
VisualStudioVersion = 16.0.31205.134
MinimumVisualStudioVersion = 10.0.40219.1
Project("{FAE04EC0-301F-11D3-BF4B-00C04F79EFBC}") = "FactoryMethod", "FactoryMethod\FactoryMethod.csproj", "{977884EF-ED93-4D09-BE8F-937DC9A42895}"
EndProject
Project("{FAE04EC0-301F-11D3-BF4B-00C04F79EFBC}") = "AbstractFactory", "AbstractFactory\AbstractFactory.csproj", "{643107E8-937F-410B-9953-DF06B3D7692D}"
EndProject
Project("{FAE04EC0-301F-11D3-BF4B-00C04F79EFBC}") = "Builder", "Builder\Builder.csproj", "{765851A4-8913-4CE9-AE77-D5E2532D2CBB}"
EndProject
Project("{FAE04EC0-301F-11D3-BF4B-00C04F79EFBC}") = "Adapter", "Adapter\Adapter.csproj", "{392E080E-4C37-4790-9948-9F4D6EF5F715}"
EndProject
Project("{FAE04EC0-301F-11D3-BF4B-00C04F79EFBC}") = "Bridge", "Bridge\Bridge.csproj", "{6B8FB072-45EC-4371-AB02-10DEE72B1111}"
EndProject
Global
	GlobalSection(SolutionConfigurationPlatforms) = preSolution
		Debug|Any CPU = Debug|Any CPU
		Release|Any CPU = Release|Any CPU
	EndGlobalSection
	GlobalSection(ProjectConfigurationPlatforms) = postSolution
		{977884EF-ED93-4D09-BE8F-937DC9A42895}.Debug|Any CPU.ActiveCfg = Debug|Any CPU
		{977884EF-ED93-4D09-BE8F-937DC9A42895}.Debug|Any CPU.Build.0 = Debug|Any CPU
		{977884EF-ED93-4D09-BE8F-937DC9A42895}.Release|Any CPU.ActiveCfg = Release|Any CPU
		{977884EF-ED93-4D09-BE8F-937DC9A42895}.Release|Any CPU.Build.0 = Release|Any CPU
		{643107E8-937F-410B-9953-DF06B3D7692D}.Debug|Any CPU.ActiveCfg = Debug|Any CPU
		{643107E8-937F-410B-9953-DF06B3D7692D}.Debug|Any CPU.Build.0 = Debug|Any CPU
		{643107E8-937F-410B-9953-DF06B3D7692D}.Release|Any CPU.ActiveCfg = Release|Any CPU
		{643107E8-937F-410B-9953-DF06B3D7692D}.Release|Any CPU.Build.0 = Release|Any CPU
		{765851A4-8913-4CE9-AE77-D5E2532D2CBB}.Debug|Any CPU.ActiveCfg = Debug|Any CPU
		{765851A4-8913-4CE9-AE77-D5E2532D2CBB}.Debug|Any CPU.Build.0 = Debug|Any CPU
		{765851A4-8913-4CE9-AE77-D5E2532D2CBB}.Release|Any CPU.ActiveCfg = Release|Any CPU
		{765851A4-8913-4CE9-AE77-D5E2532D2CBB}.Release|Any CPU.Build.0 = Release|Any CPU
		{392E080E-4C37-4790-9948-9F4D6EF5F715}.Debug|Any CPU.ActiveCfg = Debug|Any CPU
		{392E080E-4C37-4790-9948-9F4D6EF5F715}.Debug|Any CPU.Build.0 = Debug|Any CPU
		{392E080E-4C37-4790-9948-9F4D6EF5F715}.Release|Any CPU.ActiveCfg = Release|Any CPU
		{392E080E-4C37-4790-9948-9F4D6EF5F715}.Release|Any CPU.Build.0 = Release|Any CPU
		{6B8FB072-45EC-4371-AB02-10DEE72B1111}.Debug|Any CPU.ActiveCfg = Debug|Any CPU
		{6B8FB072-45EC-4371-AB02-10DEE72B1111}.Debug|Any CPU.Build.0 = Debug|Any CPU
		{6B8FB072-45EC-4371-AB02-10DEE72B1111}.Release|Any CPU.ActiveCfg = Release|Any CPU
		{6B8FB072-45EC-4371-AB02-10DEE72B1111}.Release|Any CPU.Build.0 = Release|Any CPU
	EndGlobalSection
	GlobalSection(SolutionProperties) = preSolution
		HideSolutionNode = FALSE
	EndGlobalSection
	GlobalSection(ExtensibilityGlobals) = postSolution
		SolutionGuid = {08E69A97-1E89-4C7A-ADAF-4E7E3561E3C0}
	EndGlobalSection
EndGlobal
